
Microsoft Visual Studio Solution File, Format Version 12.00
# Visual Studio Version 17
VisualStudioVersion = 17.11.35208.52
MinimumVisualStudioVersion = 10.0.40219.1
Project("{FAE04EC0-301F-11D3-BF4B-00C04F79EFBC}") = "MonoGame.StrokeEffect-Samples.Android", "MonoGame.StrokeEffect-Samples.Android\MonoGame.StrokeEffect-Samples.Android.csproj", "{D07D6558-2CA9-4D84-94E9-9CF7CADBA67A}"
EndProject
Global
	GlobalSection(SolutionConfigurationPlatforms) = preSolution
		Debug|Any CPU = Debug|Any CPU
		Release|Any CPU = Release|Any CPU
	EndGlobalSection
	GlobalSection(ProjectConfigurationPlatforms) = postSolution
		{D07D6558-2CA9-4D84-94E9-9CF7CADBA67A}.Debug|Any CPU.ActiveCfg = Debug|Any CPU
		{D07D6558-2CA9-4D84-94E9-9CF7CADBA67A}.Debug|Any CPU.Build.0 = Debug|Any CPU
		{D07D6558-2CA9-4D84-94E9-9CF7CADBA67A}.Release|Any CPU.ActiveCfg = Release|Any CPU
		{D07D6558-2CA9-4D84-94E9-9CF7CADBA67A}.Release|Any CPU.Build.0 = Release|Any CPU
	EndGlobalSection
	GlobalSection(SolutionProperties) = preSolution
		HideSolutionNode = FALSE
	EndGlobalSection
	GlobalSection(ExtensibilityGlobals) = postSolution
		SolutionGuid = {9506656E-1E8A-4E4A-995C-6205AD93AFA5}
	EndGlobalSection
EndGlobal
